// !$*UTF8*$!
{
	archiveVersion = 1;
	classes = {
	};
	objectVersion = 50;
	objects = {

/* Begin PBXBuildFile section */
		5C39CC2623A190CE00D73A8D /* AppDelegate.swift in Sources */ = {isa = PBXBuildFile; fileRef = 5C39CC2523A190CE00D73A8D /* AppDelegate.swift */; };
		5C39CC2823A190CE00D73A8D /* SceneDelegate.swift in Sources */ = {isa = PBXBuildFile; fileRef = 5C39CC2723A190CE00D73A8D /* SceneDelegate.swift */; };
		5C39CC2A23A190CE00D73A8D /* ViewController.swift in Sources */ = {isa = PBXBuildFile; fileRef = 5C39CC2923A190CE00D73A8D /* ViewController.swift */; };
		5C39CC2D23A190CE00D73A8D /* Main.storyboard in Resources */ = {isa = PBXBuildFile; fileRef = 5C39CC2B23A190CE00D73A8D /* Main.storyboard */; };
		5C39CC2F23A190CF00D73A8D /* Assets.xcassets in Resources */ = {isa = PBXBuildFile; fileRef = 5C39CC2E23A190CF00D73A8D /* Assets.xcassets */; };
		5C39CC3223A190CF00D73A8D /* LaunchScreen.storyboard in Resources */ = {isa = PBXBuildFile; fileRef = 5C39CC3023A190CF00D73A8D /* LaunchScreen.storyboard */; };
/* End PBXBuildFile section */

/* Begin PBXFileReference section */
		5C39CC2223A190CE00D73A8D /* BasicCoordinators.app */ = {isa = PBXFileReference; explicitFileType = wrapper.application; includeInIndex = 0; path = BasicCoordinators.app; sourceTree = BUILT_PRODUCTS_DIR; };
		5C39CC2523A190CE00D73A8D /* AppDelegate.swift */ = {isa = PBXFileReference; lastKnownFileType = sourcecode.swift; path = AppDelegate.swift; sourceTree = "<group>"; };
		5C39CC2723A190CE00D73A8D /* SceneDelegate.swift */ = {isa = PBXFileReference; lastKnownFileType = sourcecode.swift; path = SceneDelegate.swift; sourceTree = "<group>"; };
		5C39CC2923A190CE00D73A8D /* ViewController.swift */ = {isa = PBXFileReference; lastKnownFileType = sourcecode.swift; path = ViewController.swift; sourceTree = "<group>"; };
		5C39CC2C23A190CE00D73A8D /* Base */ = {isa = PBXFileReference; lastKnownFileType = file.storyboard; name = Base; path = Base.lproj/Main.storyboard; sourceTree = "<group>"; };
		5C39CC2E23A190CF00D73A8D /* Assets.xcassets */ = {isa = PBXFileReference; lastKnownFileType = folder.assetcatalog; path = Assets.xcassets; sourceTree = "<group>"; };
		5C39CC3123A190CF00D73A8D /* Base */ = {isa = PBXFileReference; lastKnownFileType = file.storyboard; name = Base; path = Base.lproj/LaunchScreen.storyboard; sourceTree = "<group>"; };
		5C39CC3323A190CF00D73A8D /* Info.plist */ = {isa = PBXFileReference; lastKnownFileType = text.plist.xml; path = Info.plist; sourceTree = "<group>"; };
/* End PBXFileReference section */

/* Begin PBXFrameworksBuildPhase section */
		5C39CC1F23A190CE00D73A8D /* Frameworks */ = {
			isa = PBXFrameworksBuildPhase;
			buildActionMask = 2147483647;
			files = (
			);
			runOnlyForDeploymentPostprocessing = 0;
		};
/* End PBXFrameworksBuildPhase section */

/* Begin PBXGroup section */
		5C39CC1923A190CE00D73A8D = {
			isa = PBXGroup;
			children = (
				5C39CC2423A190CE00D73A8D /* BasicCoordinators */,
				5C39CC2323A190CE00D73A8D /* Products */,
			);
			sourceTree = "<group>";
		};
		5C39CC2323A190CE00D73A8D /* Products */ = {
			isa = PBXGroup;
			children = (
				5C39CC2223A190CE00D73A8D /* BasicCoordinators.app */,
			);
			name = Products;
			sourceTree = "<group>";
		};
		5C39CC2423A190CE00D73A8D /* BasicCoordinators */ = {
			isa = PBXGroup;
			children = (
				5C39CC2523A190CE00D73A8D /* AppDelegate.swift */,
				5C39CC2723A190CE00D73A8D /* SceneDelegate.swift */,
				5C39CC2923A190CE00D73A8D /* ViewController.swift */,
				5C39CC2B23A190CE00D73A8D /* Main.storyboard */,
				5C39CC2E23A190CF00D73A8D /* Assets.xcassets */,
				5C39CC3023A190CF00D73A8D /* LaunchScreen.storyboard */,
				5C39CC3323A190CF00D73A8D /* Info.plist */,
			);
			path = BasicCoordinators;
			sourceTree = "<group>";
		};
/* End PBXGroup section */

/* Begin PBXNativeTarget section */
		5C39CC2123A190CE00D73A8D /* BasicCoordinators */ = {
			isa = PBXNativeTarget;
			buildConfigurationList = 5C39CC3623A190CF00D73A8D /* Build configuration list for PBXNativeTarget "BasicCoordinators" */;
			buildPhases = (
				5C39CC1E23A190CE00D73A8D /* Sources */,
				5C39CC1F23A190CE00D73A8D /* Frameworks */,
				5C39CC2023A190CE00D73A8D /* Resources */,
			);
			buildRules = (
			);
			dependencies = (
			);
			name = BasicCoordinators;
			productName = BasicCoordinators;
			productReference = 5C39CC2223A190CE00D73A8D /* BasicCoordinators.app */;
			productType = "com.apple.product-type.application";
		};
/* End PBXNativeTarget section */

/* Begin PBXProject section */
		5C39CC1A23A190CE00D73A8D /* Project object */ = {
			isa = PBXProject;
			attributes = {
				LastSwiftUpdateCheck = 1120;
				LastUpgradeCheck = 1120;
				ORGANIZATIONNAME = "Nursultan Askarbekuly";
				TargetAttributes = {
					5C39CC2123A190CE00D73A8D = {
						CreatedOnToolsVersion = 11.2.1;
					};
				};
			};
			buildConfigurationList = 5C39CC1D23A190CE00D73A8D /* Build configuration list for PBXProject "BasicCoordinators" */;
			compatibilityVersion = "Xcode 9.3";
			developmentRegion = en;
			hasScannedForEncodings = 0;
			knownRegions = (
				en,
				Base,
			);
			mainGroup = 5C39CC1923A190CE00D73A8D;
			productRefGroup = 5C39CC2323A190CE00D73A8D /* Products */;
			projectDirPath = "";
			projectRoot = "";
			targets = (
				5C39CC2123A190CE00D73A8D /* BasicCoordinators */,
			);
		};
/* End PBXProject section */

/* Begin PBXResourcesBuildPhase section */
		5C39CC2023A190CE00D73A8D /* Resources */ = {
			isa = PBXResourcesBuildPhase;
			buildActionMask = 2147483647;
			files = (
				5C39CC3223A190CF00D73A8D /* LaunchScreen.storyboard in Resources */,
				5C39CC2F23A190CF00D73A8D /* Assets.xcassets in Resources */,
				5C39CC2D23A190CE00D73A8D /* Main.storyboard in Resources */,
			);
			runOnlyForDeploymentPostprocessing = 0;
		};
/* End PBXResourcesBuildPhase section */

/* Begin PBXSourcesBuildPhase section */
		5C39CC1E23A190CE00D73A8D /* Sources */ = {
			isa = PBXSourcesBuildPhase;
			buildActionMask = 2147483647;
			files = (
				5C39CC2A23A190CE00D73A8D /* ViewController.swift in Sources */,
				5C39CC2623A190CE00D73A8D /* AppDelegate.swift in Sources */,
				5C39CC2823A190CE00D73A8D /* SceneDelegate.swift in Sources */,
			);
			runOnlyForDeploymentPostprocessing = 0;
		};
/* End PBXSourcesBuildPhase section */

/* Begin PBXVariantGroup section */
		5C39CC2B23A190CE00D73A8D /* Main.storyboard */ = {
			isa = PBXVariantGroup;
			children = (
				5C39CC2C23A190CE00D73A8D /* Base */,
			);
			name = Main.storyboard;
			sourceTree = "<group>";
		};
		5C39CC3023A190CF00D73A8D /* LaunchScreen.storyboard */ = {
			isa = PBXVariantGroup;
			children = (
				5C39CC3123A190CF00D73A8D /* Base */,
			);
			name = LaunchScreen.storyboard;
			sourceTree = "<group>";
		};
/* End PBXVariantGroup section */

/* Begin XCBuildConfiguration section */
		5C39CC3423A190CF00D73A8D /* Debug */ = {
			isa = XCBuildConfiguration;
			buildSettings = {
				ALWAYS_SEARCH_USER_PATHS = NO;
				CLANG_ANALYZER_NONNULL = YES;
				CLANG_ANALYZER_NUMBER_OBJECT_CONVERSION = YES_AGGRESSIVE;
				CLANG_CXX_LANGUAGE_STANDARD = "gnu++14";
				CLANG_CXX_LIBRARY = "libc++";
				CLANG_ENABLE_MODULES = YES;
				CLANG_ENABLE_OBJC_ARC = YES;
				CLANG_ENABLE_OBJC_WEAK = YES;
				CLANG_WARN_BLOCK_CAPTURE_AUTORELEASING = YES;
				CLANG_WARN_BOOL_CONVERSION = YES;
				CLANG_WARN_COMMA = YES;
				CLANG_WARN_CONSTANT_CONVERSION = YES;
				CLANG_WARN_DEPRECATED_OBJC_IMPLEMENTATIONS = YES;
				CLANG_WARN_DIRECT_OBJC_ISA_USAGE = YES_ERROR;
				CLANG_WARN_DOCUMENTATION_COMMENTS = YES;
				CLANG_WARN_EMPTY_BODY = YES;
				CLANG_WARN_ENUM_CONVERSION = YES;
				CLANG_WARN_INFINITE_RECURSION = YES;
				CLANG_WARN_INT_CONVERSION = YES;
				CLANG_WARN_NON_LITERAL_NULL_CONVERSION = YES;
				CLANG_WARN_OBJC_IMPLICIT_RETAIN_SELF = YES;
				CLANG_WARN_OBJC_LITERAL_CONVERSION = YES;
				CLANG_WARN_OBJC_ROOT_CLASS = YES_ERROR;
				CLANG_WARN_RANGE_LOOP_ANALYSIS = YES;
				CLANG_WARN_STRICT_PROTOTYPES = YES;
				CLANG_WARN_SUSPICIOUS_MOVE = YES;
				CLANG_WARN_UNGUARDED_AVAILABILITY = YES_AGGRESSIVE;
				CLANG_WARN_UNREACHABLE_CODE = YES;
				CLANG_WARN__DUPLICATE_METHOD_MATCH = YES;
				COPY_PHASE_STRIP = NO;
				DEBUG_INFORMATION_FORMAT = dwarf;
				ENABLE_STRICT_OBJC_MSGSEND = YES;
				ENABLE_TESTABILITY = YES;
				GCC_C_LANGUAGE_STANDARD = gnu11;
				GCC_DYNAMIC_NO_PIC = NO;
				GCC_NO_COMMON_BLOCKS = YES;
				GCC_OPTIMIZATION_LEVEL = 0;
				GCC_PREPROCESSOR_DEFINITIONS = (
					"DEBUG=1",
					"$(inherited)",
				);
				GCC_WARN_64_TO_32_BIT_CONVERSION = YES;
				GCC_WARN_ABOUT_RETURN_TYPE = YES_ERROR;
				GCC_WARN_UNDECLARED_SELECTOR = YES;
				GCC_WARN_UNINITIALIZED_AUTOS = YES_AGGRESSIVE;
				GCC_WARN_UNUSED_FUNCTION = YES;
				GCC_WARN_UNUSED_VARIABLE = YES;
				IPHONEOS_DEPLOYMENT_TARGET = 13.2;
				MTL_ENABLE_DEBUG_INFO = INCLUDE_SOURCE;
				MTL_FAST_MATH = YES;
				ONLY_ACTIVE_ARCH = YES;
				SDKROOT = iphoneos;
				SWIFT_ACTIVE_COMPILATION_CONDITIONS = DEBUG;
				SWIFT_OPTIMIZATION_LEVEL = "-Onone";
			};
			name = Debug;
		};
		5C39CC3523A190CF00D73A8D /* Release */ = {
			isa = XCBuildConfiguration;
			buildSettings = {
				ALWAYS_SEARCH_USER_PATHS = NO;
				CLANG_ANALYZER_NONNULL = YES;
				CLANG_ANALYZER_NUMBER_OBJECT_CONVERSION = YES_AGGRESSIVE;
				CLANG_CXX_LANGUAGE_STANDARD = "gnu++14";
				CLANG_CXX_LIBRARY = "libc++";
				CLANG_ENABLE_MODULES = YES;
				CLANG_ENABLE_OBJC_ARC = YES;
				CLANG_ENABLE_OBJC_WEAK = YES;
				CLANG_WARN_BLOCK_CAPTURE_AUTORELEASING = YES;
				CLANG_WARN_BOOL_CONVERSION = YES;
				CLANG_WARN_COMMA = YES;
				CLANG_WARN_CONSTANT_CONVERSION = YES;
				CLANG_WARN_DEPRECATED_OBJC_IMPLEMENTATIONS = YES;
				CLANG_WARN_DIRECT_OBJC_ISA_USAGE = YES_ERROR;
				CLANG_WARN_DOCUMENTATION_COMMENTS = YES;
				CLANG_WARN_EMPTY_BODY = YES;
				CLANG_WARN_ENUM_CONVERSION = YES;
				CLANG_WARN_INFINITE_RECURSION = YES;
				CLANG_WARN_INT_CONVERSION = YES;
				CLANG_WARN_NON_LITERAL_NULL_CONVERSION = YES;
				CLANG_WARN_OBJC_IMPLICIT_RETAIN_SELF = YES;
				CLANG_WARN_OBJC_LITERAL_CONVERSION = YES;
				CLANG_WARN_OBJC_ROOT_CLASS = YES_ERROR;
				CLANG_WARN_RANGE_LOOP_ANALYSIS = YES;
				CLANG_WARN_STRICT_PROTOTYPES = YES;
				CLANG_WARN_SUSPICIOUS_MOVE = YES;
				CLANG_WARN_UNGUARDED_AVAILABILITY = YES_AGGRESSIVE;
				CLANG_WARN_UNREACHABLE_CODE = YES;
				CLANG_WARN__DUPLICATE_METHOD_MATCH = YES;
				COPY_PHASE_STRIP = NO;
				DEBUG_INFORMATION_FORMAT = "dwarf-with-dsym";
				ENABLE_NS_ASSERTIONS = NO;
				ENABLE_STRICT_OBJC_MSGSEND = YES;
				GCC_C_LANGUAGE_STANDARD = gnu11;
				GCC_NO_COMMON_BLOCKS = YES;
				GCC_WARN_64_TO_32_BIT_CONVERSION = YES;
				GCC_WARN_ABOUT_RETURN_TYPE = YES_ERROR;
				GCC_WARN_UNDECLARED_SELECTOR = YES;
				GCC_WARN_UNINITIALIZED_AUTOS = YES_AGGRESSIVE;
				GCC_WARN_UNUSED_FUNCTION = YES;
				GCC_WARN_UNUSED_VARIABLE = YES;
				IPHONEOS_DEPLOYMENT_TARGET = 13.2;
				MTL_ENABLE_DEBUG_INFO = NO;
				MTL_FAST_MATH = YES;
				SDKROOT = iphoneos;
				SWIFT_COMPILATION_MODE = wholemodule;
				SWIFT_OPTIMIZATION_LEVEL = "-O";
				VALIDATE_PRODUCT = YES;
			};
			name = Release;
		};
		5C39CC3723A190CF00D73A8D /* Debug */ = {
			isa = XCBuildConfiguration;
			buildSettings = {
				ASSETCATALOG_COMPILER_APPICON_NAME = AppIcon;
				CODE_SIGN_STYLE = Automatic;
				DEVELOPMENT_TEAM = 27W5LD33EA;
				INFOPLIST_FILE = BasicCoordinators/Info.plist;
				LD_RUNPATH_SEARCH_PATHS = (
					"$(inherited)",
					"@executable_path/Frameworks",
				);
				PRODUCT_BUNDLE_IDENTIFIER = nurios.BasicCoordinators;
				PRODUCT_NAME = "$(TARGET_NAME)";
				SWIFT_VERSION = 5.0;
				TARGETED_DEVICE_FAMILY = "1,2";
			};
			name = Debug;
		};
		5C39CC3823A190CF00D73A8D /* Release */ = {
			isa = XCBuildConfiguration;
			buildSettings = {
				ASSETCATALOG_COMPILER_APPICON_NAME = AppIcon;
				CODE_SIGN_STYLE = Automatic;
				DEVELOPMENT_TEAM = 27W5LD33EA;
				INFOPLIST_FILE = BasicCoordinators/Info.plist;
				LD_RUNPATH_SEARCH_PATHS = (
					"$(inherited)",
					"@executable_path/Frameworks",
				);
				PRODUCT_BUNDLE_IDENTIFIER = nurios.BasicCoordinators;
				PRODUCT_NAME = "$(TARGET_NAME)";
				SWIFT_VERSION = 5.0;
				TARGETED_DEVICE_FAMILY = "1,2";
			};
			name = Release;
		};
/* End XCBuildConfiguration section */

/* Begin XCConfigurationList section */
		5C39CC1D23A190CE00D73A8D /* Build configuration list for PBXProject "BasicCoordinators" */ = {
			isa = XCConfigurationList;
			buildConfigurations = (
				5C39CC3423A190CF00D73A8D /* Debug */,
				5C39CC3523A190CF00D73A8D /* Release */,
			);
			defaultConfigurationIsVisible = 0;
			defaultConfigurationName = Release;
		};
		5C39CC3623A190CF00D73A8D /* Build configuration list for PBXNativeTarget "BasicCoordinators" */ = {
			isa = XCConfigurationList;
			buildConfigurations = (
				5C39CC3723A190CF00D73A8D /* Debug */,
				5C39CC3823A190CF00D73A8D /* Release */,
			);
			defaultConfigurationIsVisible = 0;
			defaultConfigurationName = Release;
		};
/* End XCConfigurationList section */
	};
	rootObject = 5C39CC1A23A190CE00D73A8D /* Project object */;
}
